
Microsoft Visual Studio Solution File, Format Version 12.00
# Visual Studio Version 17
VisualStudioVersion = 17.9.34622.214
MinimumVisualStudioVersion = 10.0.40219.1
Project("{FAE04EC0-301F-11D3-BF4B-00C04F79EFBC}") = "WindowsFormsApp1", "WindowsFormsApp1\WindowsFormsApp1.csproj", "{DEBCD7C9-0662-4A07-9DC1-3C0602532464}"
EndProject
Global
	GlobalSection(SolutionConfigurationPlatforms) = preSolution
		Debug|Any CPU = Debug|Any CPU
		Release|Any CPU = Release|Any CPU
	EndGlobalSection
	GlobalSection(ProjectConfigurationPlatforms) = postSolution
		{DEBCD7C9-0662-4A07-9DC1-3C0602532464}.Debug|Any CPU.ActiveCfg = Debug|Any CPU
		{DEBCD7C9-0662-4A07-9DC1-3C0602532464}.Debug|Any CPU.Build.0 = Debug|Any CPU
		{DEBCD7C9-0662-4A07-9DC1-3C0602532464}.Release|Any CPU.ActiveCfg = Release|Any CPU
		{DEBCD7C9-0662-4A07-9DC1-3C0602532464}.Release|Any CPU.Build.0 = Release|Any CPU
	EndGlobalSection
	GlobalSection(SolutionProperties) = preSolution
		HideSolutionNode = FALSE
	EndGlobalSection
	GlobalSection(ExtensibilityGlobals) = postSolution
		SolutionGuid = {57F5FD96-841C-4D45-932A-DA5CAA21B768}
	EndGlobalSection
EndGlobal
