
Microsoft Visual Studio Solution File, Format Version 12.00
# Visual Studio Version 17
VisualStudioVersion = 17.14.36518.9 d17.14
MinimumVisualStudioVersion = 10.0.40219.1
Project("{FAE04EC0-301F-11D3-BF4B-00C04F79EFBC}") = "WindowsFormsApp1", "WindowsFormsApp1\WindowsFormsApp1.csproj", "{487967CE-8383-4978-B2F7-4AC0A48D15F5}"
EndProject
Global
	GlobalSection(SolutionConfigurationPlatforms) = preSolution
		Debug|Any CPU = Debug|Any CPU
		Release|Any CPU = Release|Any CPU
	EndGlobalSection
	GlobalSection(ProjectConfigurationPlatforms) = postSolution
		{487967CE-8383-4978-B2F7-4AC0A48D15F5}.Debug|Any CPU.ActiveCfg = Debug|Any CPU
		{487967CE-8383-4978-B2F7-4AC0A48D15F5}.Debug|Any CPU.Build.0 = Debug|Any CPU
		{487967CE-8383-4978-B2F7-4AC0A48D15F5}.Release|Any CPU.ActiveCfg = Release|Any CPU
		{487967CE-8383-4978-B2F7-4AC0A48D15F5}.Release|Any CPU.Build.0 = Release|Any CPU
	EndGlobalSection
	GlobalSection(SolutionProperties) = preSolution
		HideSolutionNode = FALSE
	EndGlobalSection
	GlobalSection(ExtensibilityGlobals) = postSolution
		SolutionGuid = {D1FE5313-AF2F-411A-A779-BE573087974B}
	EndGlobalSection
EndGlobal
