
Microsoft Visual Studio Solution File, Format Version 12.00
# Visual Studio Version 17
VisualStudioVersion = 17.9.34622.214
MinimumVisualStudioVersion = 10.0.40219.1
Project("{FAE04EC0-301F-11D3-BF4B-00C04F79EFBC}") = "WindowsFormsApp1", "WindowsFormsApp1\WindowsFormsApp1.csproj", "{4A593344-FD65-4FA1-B7C0-5A86C358BF15}"
EndProject
Project("{FAE04EC0-301F-11D3-BF4B-00C04F79EFBC}") = "UnitTestProject1", "UnitTestProject1\UnitTestProject1.csproj", "{B166E816-A4CD-4DCD-8059-3D12EDCED0BE}"
EndProject
Global
	GlobalSection(SolutionConfigurationPlatforms) = preSolution
		Debug|Any CPU = Debug|Any CPU
		Release|Any CPU = Release|Any CPU
	EndGlobalSection
	GlobalSection(ProjectConfigurationPlatforms) = postSolution
		{4A593344-FD65-4FA1-B7C0-5A86C358BF15}.Debug|Any CPU.ActiveCfg = Debug|Any CPU
		{4A593344-FD65-4FA1-B7C0-5A86C358BF15}.Debug|Any CPU.Build.0 = Debug|Any CPU
		{4A593344-FD65-4FA1-B7C0-5A86C358BF15}.Release|Any CPU.ActiveCfg = Release|Any CPU
		{4A593344-FD65-4FA1-B7C0-5A86C358BF15}.Release|Any CPU.Build.0 = Release|Any CPU
		{B166E816-A4CD-4DCD-8059-3D12EDCED0BE}.Debug|Any CPU.ActiveCfg = Debug|Any CPU
		{B166E816-A4CD-4DCD-8059-3D12EDCED0BE}.Debug|Any CPU.Build.0 = Debug|Any CPU
		{B166E816-A4CD-4DCD-8059-3D12EDCED0BE}.Release|Any CPU.ActiveCfg = Release|Any CPU
		{B166E816-A4CD-4DCD-8059-3D12EDCED0BE}.Release|Any CPU.Build.0 = Release|Any CPU
	EndGlobalSection
	GlobalSection(SolutionProperties) = preSolution
		HideSolutionNode = FALSE
	EndGlobalSection
	GlobalSection(ExtensibilityGlobals) = postSolution
		SolutionGuid = {43F4971B-E818-4BB6-9CE1-EBE80F1A5C6A}
	EndGlobalSection
EndGlobal
